{
  "object": {
    "pins": [
      {
        "package": "SnapshotTesting",
        "repositoryURL": "https://github.com/pointfreeco/swift-snapshot-testing.git",
        "state": {
          "branch": null,
          "revision": "b6a3c918846b9e2dec93197fc6ede79c5c05d8d3",
          "version": "1.7.0"
        }
      },
      {
        "package": "Version",
        "repositoryURL": "https://github.com/mrackwitz/Version.git",
        "state": {
          "branch": null,
          "revision": "43b1588916820687a056a305720f8f64161ca810",
          "version": "0.7.2"
        }
      }
    ]
  },
  "version": 1
}
